
Microsoft Visual Studio Solution File, Format Version 12.00
# Visual Studio Version 17
VisualStudioVersion = 17.7.34031.279
MinimumVisualStudioVersion = 10.0.40219.1
Project("{FAE04EC0-301F-11D3-BF4B-00C04F79EFBC}") = "ms-laboratorio-graphql-documento", "ms-laboratorio-graphql-documento\ms-laboratorio-graphql-documento.csproj", "{1F1B407E-8E59-439D-BFC9-2DCC2ABF9B01}"
EndProject
Global
	GlobalSection(SolutionConfigurationPlatforms) = preSolution
		Debug|Any CPU = Debug|Any CPU
		Release|Any CPU = Release|Any CPU
	EndGlobalSection
	GlobalSection(ProjectConfigurationPlatforms) = postSolution
		{1F1B407E-8E59-439D-BFC9-2DCC2ABF9B01}.Debug|Any CPU.ActiveCfg = Debug|Any CPU
		{1F1B407E-8E59-439D-BFC9-2DCC2ABF9B01}.Debug|Any CPU.Build.0 = Debug|Any CPU
		{1F1B407E-8E59-439D-BFC9-2DCC2ABF9B01}.Release|Any CPU.ActiveCfg = Release|Any CPU
		{1F1B407E-8E59-439D-BFC9-2DCC2ABF9B01}.Release|Any CPU.Build.0 = Release|Any CPU
	EndGlobalSection
	GlobalSection(SolutionProperties) = preSolution
		HideSolutionNode = FALSE
	EndGlobalSection
	GlobalSection(ExtensibilityGlobals) = postSolution
		SolutionGuid = {1F1BF82A-699E-4EC4-85F3-4A0234EBAE2C}
	EndGlobalSection
EndGlobal
